
Microsoft Visual Studio Solution File, Format Version 12.00
# Visual Studio Version 17
VisualStudioVersion = 17.14.36203.30 d17.14
MinimumVisualStudioVersion = 10.0.40219.1
Project("{FAE04EC0-301F-11D3-BF4B-00C04F79EFBC}") = "WebApi", "WebApi\WebApi.csproj", "{ABE4DE16-94DB-458D-A40E-C33FD2183C3A}"
EndProject
Project("{FAE04EC0-301F-11D3-BF4B-00C04F79EFBC}") = "Core", "Core\Core.csproj", "{B148B13B-A2FD-4D59-BF5C-022805C70E95}"
EndProject
Project("{FAE04EC0-301F-11D3-BF4B-00C04F79EFBC}") = "Infrastructure", "Infrastructure\Infrastructure.csproj", "{4CAD6A79-83FA-499C-B5E2-0BFB21C9F10E}"
EndProject
Global
	GlobalSection(SolutionConfigurationPlatforms) = preSolution
		Debug|Any CPU = Debug|Any CPU
		Release|Any CPU = Release|Any CPU
	EndGlobalSection
	GlobalSection(ProjectConfigurationPlatforms) = postSolution
		{ABE4DE16-94DB-458D-A40E-C33FD2183C3A}.Debug|Any CPU.ActiveCfg = Debug|Any CPU
		{ABE4DE16-94DB-458D-A40E-C33FD2183C3A}.Debug|Any CPU.Build.0 = Debug|Any CPU
		{ABE4DE16-94DB-458D-A40E-C33FD2183C3A}.Release|Any CPU.ActiveCfg = Release|Any CPU
		{ABE4DE16-94DB-458D-A40E-C33FD2183C3A}.Release|Any CPU.Build.0 = Release|Any CPU
		{B148B13B-A2FD-4D59-BF5C-022805C70E95}.Debug|Any CPU.ActiveCfg = Debug|Any CPU
		{B148B13B-A2FD-4D59-BF5C-022805C70E95}.Debug|Any CPU.Build.0 = Debug|Any CPU
		{B148B13B-A2FD-4D59-BF5C-022805C70E95}.Release|Any CPU.ActiveCfg = Release|Any CPU
		{B148B13B-A2FD-4D59-BF5C-022805C70E95}.Release|Any CPU.Build.0 = Release|Any CPU
		{4CAD6A79-83FA-499C-B5E2-0BFB21C9F10E}.Debug|Any CPU.ActiveCfg = Debug|Any CPU
		{4CAD6A79-83FA-499C-B5E2-0BFB21C9F10E}.Debug|Any CPU.Build.0 = Debug|Any CPU
		{4CAD6A79-83FA-499C-B5E2-0BFB21C9F10E}.Release|Any CPU.ActiveCfg = Release|Any CPU
		{4CAD6A79-83FA-499C-B5E2-0BFB21C9F10E}.Release|Any CPU.Build.0 = Release|Any CPU
	EndGlobalSection
	GlobalSection(SolutionProperties) = preSolution
		HideSolutionNode = FALSE
	EndGlobalSection
	GlobalSection(ExtensibilityGlobals) = postSolution
		SolutionGuid = {53A033E5-8EB1-4E60-BE23-DC9CE6FA0C96}
	EndGlobalSection
EndGlobal
